
Microsoft Visual Studio Solution File, Format Version 12.00
# Visual Studio Version 17
VisualStudioVersion = 17.3.32901.215
MinimumVisualStudioVersion = 10.0.40219.1
Project("{9A19103F-16F7-4668-BE54-9A1E7A4F7556}") = "EmployeeWebAPI", "EmployeeWebAPI\EmployeeWebAPI.csproj", "{D3B4F47F-B1D7-4947-94BB-8B85173A54FD}"
EndProject
Global
	GlobalSection(SolutionConfigurationPlatforms) = preSolution
		Debug|Any CPU = Debug|Any CPU
		Release|Any CPU = Release|Any CPU
	EndGlobalSection
	GlobalSection(ProjectConfigurationPlatforms) = postSolution
		{D3B4F47F-B1D7-4947-94BB-8B85173A54FD}.Debug|Any CPU.ActiveCfg = Debug|Any CPU
		{D3B4F47F-B1D7-4947-94BB-8B85173A54FD}.Debug|Any CPU.Build.0 = Debug|Any CPU
		{D3B4F47F-B1D7-4947-94BB-8B85173A54FD}.Release|Any CPU.ActiveCfg = Release|Any CPU
		{D3B4F47F-B1D7-4947-94BB-8B85173A54FD}.Release|Any CPU.Build.0 = Release|Any CPU
	EndGlobalSection
	GlobalSection(SolutionProperties) = preSolution
		HideSolutionNode = FALSE
	EndGlobalSection
	GlobalSection(ExtensibilityGlobals) = postSolution
		SolutionGuid = {86FF5D76-75B5-45B4-92DE-3EB2F4464D44}
	EndGlobalSection
EndGlobal
